
Microsoft Visual Studio Solution File, Format Version 12.00
# Visual Studio 2013
VisualStudioVersion = 12.0.31101.0
MinimumVisualStudioVersion = 10.0.40219.1
Project("{FAE04EC0-301F-11D3-BF4B-00C04F79EFBC}") = "Connect_Users", "Connect_Users.csproj", "{FDBFC511-1E3A-0C6B-0076-FEFAF1C1A2CE}"
EndProject
Project("{FAE04EC0-301F-11D3-BF4B-00C04F79EFBC}") = "Connect_AccountRegistration", "..\UserAccountRegistration\Connect_AccountRegistration.csproj", "{3EA2B0FD-8041-0EE6-1FB8-9FA4EC294E7B}"
EndProject
Project("{FAE04EC0-301F-11D3-BF4B-00C04F79EFBC}") = "Connect_AccountUpdate", "..\UserAccountUpdate\Connect_AccountUpdate.csproj", "{3E493080-436B-0885-2EC0-2C3C4906C702}"
EndProject
Project("{FAE04EC0-301F-11D3-BF4B-00C04F79EFBC}") = "Connect_AccountManagement", "..\UserAccountManagement\Connect_AccountManagement.csproj", "{A5FF4141-7DEF-083D-2AAD-25BA8DD0ED5A}"
EndProject
Global
	GlobalSection(SolutionConfigurationPlatforms) = preSolution
		Debug|Any CPU = Debug|Any CPU
		Debug|x86 = Debug|x86
		Release|Any CPU = Release|Any CPU
		Release|x86 = Release|x86
	EndGlobalSection
	GlobalSection(ProjectConfigurationPlatforms) = postSolution
		{FDBFC511-1E3A-0C6B-0076-FEFAF1C1A2CE}.Debug|Any CPU.ActiveCfg = Debug|Any CPU
		{FDBFC511-1E3A-0C6B-0076-FEFAF1C1A2CE}.Debug|Any CPU.Build.0 = Debug|Any CPU
		{FDBFC511-1E3A-0C6B-0076-FEFAF1C1A2CE}.Debug|x86.ActiveCfg = Debug|Any CPU
		{FDBFC511-1E3A-0C6B-0076-FEFAF1C1A2CE}.Release|Any CPU.ActiveCfg = Release|Any CPU
		{FDBFC511-1E3A-0C6B-0076-FEFAF1C1A2CE}.Release|Any CPU.Build.0 = Release|Any CPU
		{FDBFC511-1E3A-0C6B-0076-FEFAF1C1A2CE}.Release|x86.ActiveCfg = Release|Any CPU
		{3EA2B0FD-8041-0EE6-1FB8-9FA4EC294E7B}.Debug|Any CPU.ActiveCfg = Debug|Any CPU
		{3EA2B0FD-8041-0EE6-1FB8-9FA4EC294E7B}.Debug|Any CPU.Build.0 = Debug|Any CPU
		{3EA2B0FD-8041-0EE6-1FB8-9FA4EC294E7B}.Debug|x86.ActiveCfg = Debug|Any CPU
		{3EA2B0FD-8041-0EE6-1FB8-9FA4EC294E7B}.Release|Any CPU.ActiveCfg = Release|Any CPU
		{3EA2B0FD-8041-0EE6-1FB8-9FA4EC294E7B}.Release|Any CPU.Build.0 = Release|Any CPU
		{3EA2B0FD-8041-0EE6-1FB8-9FA4EC294E7B}.Release|x86.ActiveCfg = Release|Any CPU
		{3E493080-436B-0885-2EC0-2C3C4906C702}.Debug|Any CPU.ActiveCfg = Debug|Any CPU
		{3E493080-436B-0885-2EC0-2C3C4906C702}.Debug|Any CPU.Build.0 = Debug|Any CPU
		{3E493080-436B-0885-2EC0-2C3C4906C702}.Debug|x86.ActiveCfg = Debug|Any CPU
		{3E493080-436B-0885-2EC0-2C3C4906C702}.Release|Any CPU.ActiveCfg = Release|Any CPU
		{3E493080-436B-0885-2EC0-2C3C4906C702}.Release|Any CPU.Build.0 = Release|Any CPU
		{3E493080-436B-0885-2EC0-2C3C4906C702}.Release|x86.ActiveCfg = Release|Any CPU
		{A5FF4141-7DEF-083D-2AAD-25BA8DD0ED5A}.Debug|Any CPU.ActiveCfg = Debug|Any CPU
		{A5FF4141-7DEF-083D-2AAD-25BA8DD0ED5A}.Debug|Any CPU.Build.0 = Debug|Any CPU
		{A5FF4141-7DEF-083D-2AAD-25BA8DD0ED5A}.Debug|x86.ActiveCfg = Debug|Any CPU
		{A5FF4141-7DEF-083D-2AAD-25BA8DD0ED5A}.Release|Any CPU.ActiveCfg = Release|Any CPU
		{A5FF4141-7DEF-083D-2AAD-25BA8DD0ED5A}.Release|Any CPU.Build.0 = Release|Any CPU
		{A5FF4141-7DEF-083D-2AAD-25BA8DD0ED5A}.Release|x86.ActiveCfg = Release|Any CPU
	EndGlobalSection
	GlobalSection(SolutionProperties) = preSolution
		HideSolutionNode = FALSE
	EndGlobalSection
EndGlobal
